// !$*UTF8*$!
{
	archiveVersion = 1;
	classes = {
	};
	objectVersion = 56;
	objects = {

/* Begin PBXBuildFile section */
		8FD4875D2ACC8985008CE991 /* SwiftUIAsyncImageApp.swift in Sources */ = {isa = PBXBuildFile; fileRef = 8FD4875C2ACC8985008CE991 /* SwiftUIAsyncImageApp.swift */; };
		8FD4875F2ACC8985008CE991 /* ContentView.swift in Sources */ = {isa = PBXBuildFile; fileRef = 8FD4875E2ACC8985008CE991 /* ContentView.swift */; };
		8FD487612ACC8986008CE991 /* Assets.xcassets in Resources */ = {isa = PBXBuildFile; fileRef = 8FD487602ACC8986008CE991 /* Assets.xcassets */; };
		8FD487642ACC8986008CE991 /* Preview Assets.xcassets in Resources */ = {isa = PBXBuildFile; fileRef = 8FD487632ACC8986008CE991 /* Preview Assets.xcassets */; };
		8FD4876E2ACC8986008CE991 /* SwiftUIAsyncImageTests.swift in Sources */ = {isa = PBXBuildFile; fileRef = 8FD4876D2ACC8986008CE991 /* SwiftUIAsyncImageTests.swift */; };
		8FD487782ACC8986008CE991 /* SwiftUIAsyncImageUITests.swift in Sources */ = {isa = PBXBuildFile; fileRef = 8FD487772ACC8986008CE991 /* SwiftUIAsyncImageUITests.swift */; };
		8FD4877A2ACC8986008CE991 /* SwiftUIAsyncImageUITestsLaunchTests.swift in Sources */ = {isa = PBXBuildFile; fileRef = 8FD487792ACC8986008CE991 /* SwiftUIAsyncImageUITestsLaunchTests.swift */; };
/* End PBXBuildFile section */

/* Begin PBXContainerItemProxy section */
		8FD4876A2ACC8986008CE991 /* PBXContainerItemProxy */ = {
			isa = PBXContainerItemProxy;
			containerPortal = 8FD487512ACC8985008CE991 /* Project object */;
			proxyType = 1;
			remoteGlobalIDString = 8FD487582ACC8985008CE991;
			remoteInfo = SwiftUIAsyncImage;
		};
		8FD487742ACC8986008CE991 /* PBXContainerItemProxy */ = {
			isa = PBXContainerItemProxy;
			containerPortal = 8FD487512ACC8985008CE991 /* Project object */;
			proxyType = 1;
			remoteGlobalIDString = 8FD487582ACC8985008CE991;
			remoteInfo = SwiftUIAsyncImage;
		};
/* End PBXContainerItemProxy section */

/* Begin PBXFileReference section */
		8FD487592ACC8985008CE991 /* SwiftUIAsyncImage.app */ = {isa = PBXFileReference; explicitFileType = wrapper.application; includeInIndex = 0; path = SwiftUIAsyncImage.app; sourceTree = BUILT_PRODUCTS_DIR; };
		8FD4875C2ACC8985008CE991 /* SwiftUIAsyncImageApp.swift */ = {isa = PBXFileReference; lastKnownFileType = sourcecode.swift; path = SwiftUIAsyncImageApp.swift; sourceTree = "<group>"; };
		8FD4875E2ACC8985008CE991 /* ContentView.swift */ = {isa = PBXFileReference; lastKnownFileType = sourcecode.swift; path = ContentView.swift; sourceTree = "<group>"; };
		8FD487602ACC8986008CE991 /* Assets.xcassets */ = {isa = PBXFileReference; lastKnownFileType = folder.assetcatalog; path = Assets.xcassets; sourceTree = "<group>"; };
		8FD487632ACC8986008CE991 /* Preview Assets.xcassets */ = {isa = PBXFileReference; lastKnownFileType = folder.assetcatalog; path = "Preview Assets.xcassets"; sourceTree = "<group>"; };
		8FD487692ACC8986008CE991 /* SwiftUIAsyncImageTests.xctest */ = {isa = PBXFileReference; explicitFileType = wrapper.cfbundle; includeInIndex = 0; path = SwiftUIAsyncImageTests.xctest; sourceTree = BUILT_PRODUCTS_DIR; };
		8FD4876D2ACC8986008CE991 /* SwiftUIAsyncImageTests.swift */ = {isa = PBXFileReference; lastKnownFileType = sourcecode.swift; path = SwiftUIAsyncImageTests.swift; sourceTree = "<group>"; };
		8FD487732ACC8986008CE991 /* SwiftUIAsyncImageUITests.xctest */ = {isa = PBXFileReference; explicitFileType = wrapper.cfbundle; includeInIndex = 0; path = SwiftUIAsyncImageUITests.xctest; sourceTree = BUILT_PRODUCTS_DIR; };
		8FD487772ACC8986008CE991 /* SwiftUIAsyncImageUITests.swift */ = {isa = PBXFileReference; lastKnownFileType = sourcecode.swift; path = SwiftUIAsyncImageUITests.swift; sourceTree = "<group>"; };
		8FD487792ACC8986008CE991 /* SwiftUIAsyncImageUITestsLaunchTests.swift */ = {isa = PBXFileReference; lastKnownFileType = sourcecode.swift; path = SwiftUIAsyncImageUITestsLaunchTests.swift; sourceTree = "<group>"; };
/* End PBXFileReference section */

/* Begin PBXFrameworksBuildPhase section */
		8FD487562ACC8985008CE991 /* Frameworks */ = {
			isa = PBXFrameworksBuildPhase;
			buildActionMask = 2147483647;
			files = (
			);
			runOnlyForDeploymentPostprocessing = 0;
		};
		8FD487662ACC8986008CE991 /* Frameworks */ = {
			isa = PBXFrameworksBuildPhase;
			buildActionMask = 2147483647;
			files = (
			);
			runOnlyForDeploymentPostprocessing = 0;
		};
		8FD487702ACC8986008CE991 /* Frameworks */ = {
			isa = PBXFrameworksBuildPhase;
			buildActionMask = 2147483647;
			files = (
			);
			runOnlyForDeploymentPostprocessing = 0;
		};
/* End PBXFrameworksBuildPhase section */

/* Begin PBXGroup section */
		8FD487502ACC8985008CE991 = {
			isa = PBXGroup;
			children = (
				8FD4875B2ACC8985008CE991 /* SwiftUIAsyncImage */,
				8FD4876C2ACC8986008CE991 /* SwiftUIAsyncImageTests */,
				8FD487762ACC8986008CE991 /* SwiftUIAsyncImageUITests */,
				8FD4875A2ACC8985008CE991 /* Products */,
			);
			sourceTree = "<group>";
		};
		8FD4875A2ACC8985008CE991 /* Products */ = {
			isa = PBXGroup;
			children = (
				8FD487592ACC8985008CE991 /* SwiftUIAsyncImage.app */,
				8FD487692ACC8986008CE991 /* SwiftUIAsyncImageTests.xctest */,
				8FD487732ACC8986008CE991 /* SwiftUIAsyncImageUITests.xctest */,
			);
			name = Products;
			sourceTree = "<group>";
		};
		8FD4875B2ACC8985008CE991 /* SwiftUIAsyncImage */ = {
			isa = PBXGroup;
			children = (
				8FD4875C2ACC8985008CE991 /* SwiftUIAsyncImageApp.swift */,
				8FD4875E2ACC8985008CE991 /* ContentView.swift */,
				8FD487602ACC8986008CE991 /* Assets.xcassets */,
				8FD487622ACC8986008CE991 /* Preview Content */,
			);
			path = SwiftUIAsyncImage;
			sourceTree = "<group>";
		};
		8FD487622ACC8986008CE991 /* Preview Content */ = {
			isa = PBXGroup;
			children = (
				8FD487632ACC8986008CE991 /* Preview Assets.xcassets */,
			);
			path = "Preview Content";
			sourceTree = "<group>";
		};
		8FD4876C2ACC8986008CE991 /* SwiftUIAsyncImageTests */ = {
			isa = PBXGroup;
			children = (
				8FD4876D2ACC8986008CE991 /* SwiftUIAsyncImageTests.swift */,
			);
			path = SwiftUIAsyncImageTests;
			sourceTree = "<group>";
		};
		8FD487762ACC8986008CE991 /* SwiftUIAsyncImageUITests */ = {
			isa = PBXGroup;
			children = (
				8FD487772ACC8986008CE991 /* SwiftUIAsyncImageUITests.swift */,
				8FD487792ACC8986008CE991 /* SwiftUIAsyncImageUITestsLaunchTests.swift */,
			);
			path = SwiftUIAsyncImageUITests;
			sourceTree = "<group>";
		};
/* End PBXGroup section */

/* Begin PBXNativeTarget section */
		8FD487582ACC8985008CE991 /* SwiftUIAsyncImage */ = {
			isa = PBXNativeTarget;
			buildConfigurationList = 8FD4877D2ACC8986008CE991 /* Build configuration list for PBXNativeTarget "SwiftUIAsyncImage" */;
			buildPhases = (
				8FD487552ACC8985008CE991 /* Sources */,
				8FD487562ACC8985008CE991 /* Frameworks */,
				8FD487572ACC8985008CE991 /* Resources */,
			);
			buildRules = (
			);
			dependencies = (
			);
			name = SwiftUIAsyncImage;
			productName = SwiftUIAsyncImage;
			productReference = 8FD487592ACC8985008CE991 /* SwiftUIAsyncImage.app */;
			productType = "com.apple.product-type.application";
		};
		8FD487682ACC8986008CE991 /* SwiftUIAsyncImageTests */ = {
			isa = PBXNativeTarget;
			buildConfigurationList = 8FD487802ACC8986008CE991 /* Build configuration list for PBXNativeTarget "SwiftUIAsyncImageTests" */;
			buildPhases = (
				8FD487652ACC8986008CE991 /* Sources */,
				8FD487662ACC8986008CE991 /* Frameworks */,
				8FD487672ACC8986008CE991 /* Resources */,
			);
			buildRules = (
			);
			dependencies = (
				8FD4876B2ACC8986008CE991 /* PBXTargetDependency */,
			);
			name = SwiftUIAsyncImageTests;
			productName = SwiftUIAsyncImageTests;
			productReference = 8FD487692ACC8986008CE991 /* SwiftUIAsyncImageTests.xctest */;
			productType = "com.apple.product-type.bundle.unit-test";
		};
		8FD487722ACC8986008CE991 /* SwiftUIAsyncImageUITests */ = {
			isa = PBXNativeTarget;
			buildConfigurationList = 8FD487832ACC8986008CE991 /* Build configuration list for PBXNativeTarget "SwiftUIAsyncImageUITests" */;
			buildPhases = (
				8FD4876F2ACC8986008CE991 /* Sources */,
				8FD487702ACC8986008CE991 /* Frameworks */,
				8FD487712ACC8986008CE991 /* Resources */,
			);
			buildRules = (
			);
			dependencies = (
				8FD487752ACC8986008CE991 /* PBXTargetDependency */,
			);
			name = SwiftUIAsyncImageUITests;
			productName = SwiftUIAsyncImageUITests;
			productReference = 8FD487732ACC8986008CE991 /* SwiftUIAsyncImageUITests.xctest */;
			productType = "com.apple.product-type.bundle.ui-testing";
		};
/* End PBXNativeTarget section */

/* Begin PBXProject section */
		8FD487512ACC8985008CE991 /* Project object */ = {
			isa = PBXProject;
			attributes = {
				BuildIndependentTargetsInParallel = 1;
				LastSwiftUpdateCheck = 1500;
				LastUpgradeCheck = 1500;
				TargetAttributes = {
					8FD487582ACC8985008CE991 = {
						CreatedOnToolsVersion = 15.0;
					};
					8FD487682ACC8986008CE991 = {
						CreatedOnToolsVersion = 15.0;
						TestTargetID = 8FD487582ACC8985008CE991;
					};
					8FD487722ACC8986008CE991 = {
						CreatedOnToolsVersion = 15.0;
						TestTargetID = 8FD487582ACC8985008CE991;
					};
				};
			};
			buildConfigurationList = 8FD487542ACC8985008CE991 /* Build configuration list for PBXProject "SwiftUIAsyncImage" */;
			compatibilityVersion = "Xcode 14.0";
			developmentRegion = en;
			hasScannedForEncodings = 0;
			knownRegions = (
				en,
				Base,
			);
			mainGroup = 8FD487502ACC8985008CE991;
			productRefGroup = 8FD4875A2ACC8985008CE991 /* Products */;
			projectDirPath = "";
			projectRoot = "";
			targets = (
				8FD487582ACC8985008CE991 /* SwiftUIAsyncImage */,
				8FD487682ACC8986008CE991 /* SwiftUIAsyncImageTests */,
				8FD487722ACC8986008CE991 /* SwiftUIAsyncImageUITests */,
			);
		};
/* End PBXProject section */

/* Begin PBXResourcesBuildPhase section */
		8FD487572ACC8985008CE991 /* Resources */ = {
			isa = PBXResourcesBuildPhase;
			buildActionMask = 2147483647;
			files = (
				8FD487642ACC8986008CE991 /* Preview Assets.xcassets in Resources */,
				8FD487612ACC8986008CE991 /* Assets.xcassets in Resources */,
			);
			runOnlyForDeploymentPostprocessing = 0;
		};
		8FD487672ACC8986008CE991 /* Resources */ = {
			isa = PBXResourcesBuildPhase;
			buildActionMask = 2147483647;
			files = (
			);
			runOnlyForDeploymentPostprocessing = 0;
		};
		8FD487712ACC8986008CE991 /* Resources */ = {
			isa = PBXResourcesBuildPhase;
			buildActionMask = 2147483647;
			files = (
			);
			runOnlyForDeploymentPostprocessing = 0;
		};
/* End PBXResourcesBuildPhase section */

/* Begin PBXSourcesBuildPhase section */
		8FD487552ACC8985008CE991 /* Sources */ = {
			isa = PBXSourcesBuildPhase;
			buildActionMask = 2147483647;
			files = (
				8FD4875F2ACC8985008CE991 /* ContentView.swift in Sources */,
				8FD4875D2ACC8985008CE991 /* SwiftUIAsyncImageApp.swift in Sources */,
			);
			runOnlyForDeploymentPostprocessing = 0;
		};
		8FD487652ACC8986008CE991 /* Sources */ = {
			isa = PBXSourcesBuildPhase;
			buildActionMask = 2147483647;
			files = (
				8FD4876E2ACC8986008CE991 /* SwiftUIAsyncImageTests.swift in Sources */,
			);
			runOnlyForDeploymentPostprocessing = 0;
		};
		8FD4876F2ACC8986008CE991 /* Sources */ = {
			isa = PBXSourcesBuildPhase;
			buildActionMask = 2147483647;
			files = (
				8FD487782ACC8986008CE991 /* SwiftUIAsyncImageUITests.swift in Sources */,
				8FD4877A2ACC8986008CE991 /* SwiftUIAsyncImageUITestsLaunchTests.swift in Sources */,
			);
			runOnlyForDeploymentPostprocessing = 0;
		};
/* End PBXSourcesBuildPhase section */

/* Begin PBXTargetDependency section */
		8FD4876B2ACC8986008CE991 /* PBXTargetDependency */ = {
			isa = PBXTargetDependency;
			target = 8FD487582ACC8985008CE991 /* SwiftUIAsyncImage */;
			targetProxy = 8FD4876A2ACC8986008CE991 /* PBXContainerItemProxy */;
		};
		8FD487752ACC8986008CE991 /* PBXTargetDependency */ = {
			isa = PBXTargetDependency;
			target = 8FD487582ACC8985008CE991 /* SwiftUIAsyncImage */;
			targetProxy = 8FD487742ACC8986008CE991 /* PBXContainerItemProxy */;
		};
/* End PBXTargetDependency section */

/* Begin XCBuildConfiguration section */
		8FD4877B2ACC8986008CE991 /* Debug */ = {
			isa = XCBuildConfiguration;
			buildSettings = {
				ALWAYS_SEARCH_USER_PATHS = NO;
				ASSETCATALOG_COMPILER_GENERATE_SWIFT_ASSET_SYMBOL_EXTENSIONS = YES;
				CLANG_ANALYZER_NONNULL = YES;
				CLANG_ANALYZER_NUMBER_OBJECT_CONVERSION = YES_AGGRESSIVE;
				CLANG_CXX_LANGUAGE_STANDARD = "gnu++20";
				CLANG_ENABLE_MODULES = YES;
				CLANG_ENABLE_OBJC_ARC = YES;
				CLANG_ENABLE_OBJC_WEAK = YES;
				CLANG_WARN_BLOCK_CAPTURE_AUTORELEASING = YES;
				CLANG_WARN_BOOL_CONVERSION = YES;
				CLANG_WARN_COMMA = YES;
				CLANG_WARN_CONSTANT_CONVERSION = YES;
				CLANG_WARN_DEPRECATED_OBJC_IMPLEMENTATIONS = YES;
				CLANG_WARN_DIRECT_OBJC_ISA_USAGE = YES_ERROR;
				CLANG_WARN_DOCUMENTATION_COMMENTS = YES;
				CLANG_WARN_EMPTY_BODY = YES;
				CLANG_WARN_ENUM_CONVERSION = YES;
				CLANG_WARN_INFINITE_RECURSION = YES;
				CLANG_WARN_INT_CONVERSION = YES;
				CLANG_WARN_NON_LITERAL_NULL_CONVERSION = YES;
				CLANG_WARN_OBJC_IMPLICIT_RETAIN_SELF = YES;
				CLANG_WARN_OBJC_LITERAL_CONVERSION = YES;
				CLANG_WARN_OBJC_ROOT_CLASS = YES_ERROR;
				CLANG_WARN_QUOTED_INCLUDE_IN_FRAMEWORK_HEADER = YES;
				CLANG_WARN_RANGE_LOOP_ANALYSIS = YES;
				CLANG_WARN_STRICT_PROTOTYPES = YES;
				CLANG_WARN_SUSPICIOUS_MOVE = YES;
				CLANG_WARN_UNGUARDED_AVAILABILITY = YES_AGGRESSIVE;
				CLANG_WARN_UNREACHABLE_CODE = YES;
				CLANG_WARN__DUPLICATE_METHOD_MATCH = YES;
				COPY_PHASE_STRIP = NO;
				DEBUG_INFORMATION_FORMAT = dwarf;
				ENABLE_STRICT_OBJC_MSGSEND = YES;
				ENABLE_TESTABILITY = YES;
				ENABLE_USER_SCRIPT_SANDBOXING = YES;
				GCC_C_LANGUAGE_STANDARD = gnu17;
				GCC_DYNAMIC_NO_PIC = NO;
				GCC_NO_COMMON_BLOCKS = YES;
				GCC_OPTIMIZATION_LEVEL = 0;
				GCC_PREPROCESSOR_DEFINITIONS = (
					"DEBUG=1",
					"$(inherited)",
				);
				GCC_WARN_64_TO_32_BIT_CONVERSION = YES;
				GCC_WARN_ABOUT_RETURN_TYPE = YES_ERROR;
				GCC_WARN_UNDECLARED_SELECTOR = YES;
				GCC_WARN_UNINITIALIZED_AUTOS = YES_AGGRESSIVE;
				GCC_WARN_UNUSED_FUNCTION = YES;
				GCC_WARN_UNUSED_VARIABLE = YES;
				IPHONEOS_DEPLOYMENT_TARGET = 17.0;
				LOCALIZATION_PREFERS_STRING_CATALOGS = YES;
				MTL_ENABLE_DEBUG_INFO = INCLUDE_SOURCE;
				MTL_FAST_MATH = YES;
				ONLY_ACTIVE_ARCH = YES;
				SDKROOT = iphoneos;
				SWIFT_ACTIVE_COMPILATION_CONDITIONS = "DEBUG $(inherited)";
				SWIFT_OPTIMIZATION_LEVEL = "-Onone";
			};
			name = Debug;
		};
		8FD4877C2ACC8986008CE991 /* Release */ = {
			isa = XCBuildConfiguration;
			buildSettings = {
				ALWAYS_SEARCH_USER_PATHS = NO;
				ASSETCATALOG_COMPILER_GENERATE_SWIFT_ASSET_SYMBOL_EXTENSIONS = YES;
				CLANG_ANALYZER_NONNULL = YES;
				CLANG_ANALYZER_NUMBER_OBJECT_CONVERSION = YES_AGGRESSIVE;
				CLANG_CXX_LANGUAGE_STANDARD = "gnu++20";
				CLANG_ENABLE_MODULES = YES;
				CLANG_ENABLE_OBJC_ARC = YES;
				CLANG_ENABLE_OBJC_WEAK = YES;
				CLANG_WARN_BLOCK_CAPTURE_AUTORELEASING = YES;
				CLANG_WARN_BOOL_CONVERSION = YES;
				CLANG_WARN_COMMA = YES;
				CLANG_WARN_CONSTANT_CONVERSION = YES;
				CLANG_WARN_DEPRECATED_OBJC_IMPLEMENTATIONS = YES;
				CLANG_WARN_DIRECT_OBJC_ISA_USAGE = YES_ERROR;
				CLANG_WARN_DOCUMENTATION_COMMENTS = YES;
				CLANG_WARN_EMPTY_BODY = YES;
				CLANG_WARN_ENUM_CONVERSION = YES;
				CLANG_WARN_INFINITE_RECURSION = YES;
				CLANG_WARN_INT_CONVERSION = YES;
				CLANG_WARN_NON_LITERAL_NULL_CONVERSION = YES;
				CLANG_WARN_OBJC_IMPLICIT_RETAIN_SELF = YES;
				CLANG_WARN_OBJC_LITERAL_CONVERSION = YES;
				CLANG_WARN_OBJC_ROOT_CLASS = YES_ERROR;
				CLANG_WARN_QUOTED_INCLUDE_IN_FRAMEWORK_HEADER = YES;
				CLANG_WARN_RANGE_LOOP_ANALYSIS = YES;
				CLANG_WARN_STRICT_PROTOTYPES = YES;
				CLANG_WARN_SUSPICIOUS_MOVE = YES;
				CLANG_WARN_UNGUARDED_AVAILABILITY = YES_AGGRESSIVE;
				CLANG_WARN_UNREACHABLE_CODE = YES;
				CLANG_WARN__DUPLICATE_METHOD_MATCH = YES;
				COPY_PHASE_STRIP = NO;
				DEBUG_INFORMATION_FORMAT = "dwarf-with-dsym";
				ENABLE_NS_ASSERTIONS = NO;
				ENABLE_STRICT_OBJC_MSGSEND = YES;
				ENABLE_USER_SCRIPT_SANDBOXING = YES;
				GCC_C_LANGUAGE_STANDARD = gnu17;
				GCC_NO_COMMON_BLOCKS = YES;
				GCC_WARN_64_TO_32_BIT_CONVERSION = YES;
				GCC_WARN_ABOUT_RETURN_TYPE = YES_ERROR;
				GCC_WARN_UNDECLARED_SELECTOR = YES;
				GCC_WARN_UNINITIALIZED_AUTOS = YES_AGGRESSIVE;
				GCC_WARN_UNUSED_FUNCTION = YES;
				GCC_WARN_UNUSED_VARIABLE = YES;
				IPHONEOS_DEPLOYMENT_TARGET = 17.0;
				LOCALIZATION_PREFERS_STRING_CATALOGS = YES;
				MTL_ENABLE_DEBUG_INFO = NO;
				MTL_FAST_MATH = YES;
				SDKROOT = iphoneos;
				SWIFT_COMPILATION_MODE = wholemodule;
				VALIDATE_PRODUCT = YES;
			};
			name = Release;
		};
		8FD4877E2ACC8986008CE991 /* Debug */ = {
			isa = XCBuildConfiguration;
			buildSettings = {
				ASSETCATALOG_COMPILER_APPICON_NAME = AppIcon;
				ASSETCATALOG_COMPILER_GLOBAL_ACCENT_COLOR_NAME = AccentColor;
				CODE_SIGN_STYLE = Automatic;
				CURRENT_PROJECT_VERSION = 1;
				DEVELOPMENT_ASSET_PATHS = "\"SwiftUIAsyncImage/Preview Content\"";
				DEVELOPMENT_TEAM = G63S3UN597;
				ENABLE_PREVIEWS = YES;
				GENERATE_INFOPLIST_FILE = YES;
				INFOPLIST_KEY_UIApplicationSceneManifest_Generation = YES;
				INFOPLIST_KEY_UIApplicationSupportsIndirectInputEvents = YES;
				INFOPLIST_KEY_UILaunchScreen_Generation = YES;
				INFOPLIST_KEY_UISupportedInterfaceOrientations_iPad = "UIInterfaceOrientationPortrait UIInterfaceOrientationPortraitUpsideDown UIInterfaceOrientationLandscapeLeft UIInterfaceOrientationLandscapeRight";
				INFOPLIST_KEY_UISupportedInterfaceOrientations_iPhone = "UIInterfaceOrientationPortrait UIInterfaceOrientationLandscapeLeft UIInterfaceOrientationLandscapeRight";
				LD_RUNPATH_SEARCH_PATHS = (
					"$(inherited)",
					"@executable_path/Frameworks",
				);
				MARKETING_VERSION = 1.0;
				PRODUCT_BUNDLE_IDENTIFIER = com.aakarshit.SwiftUIAsyncImage;
				PRODUCT_NAME = "$(TARGET_NAME)";
				SWIFT_EMIT_LOC_STRINGS = YES;
				SWIFT_VERSION = 5.0;
				TARGETED_DEVICE_FAMILY = "1,2";
			};
			name = Debug;
		};
		8FD4877F2ACC8986008CE991 /* Release */ = {
			isa = XCBuildConfiguration;
			buildSettings = {
				ASSETCATALOG_COMPILER_APPICON_NAME = AppIcon;
				ASSETCATALOG_COMPILER_GLOBAL_ACCENT_COLOR_NAME = AccentColor;
				CODE_SIGN_STYLE = Automatic;
				CURRENT_PROJECT_VERSION = 1;
				DEVELOPMENT_ASSET_PATHS = "\"SwiftUIAsyncImage/Preview Content\"";
				DEVELOPMENT_TEAM = G63S3UN597;
				ENABLE_PREVIEWS = YES;
				GENERATE_INFOPLIST_FILE = YES;
				INFOPLIST_KEY_UIApplicationSceneManifest_Generation = YES;
				INFOPLIST_KEY_UIApplicationSupportsIndirectInputEvents = YES;
				INFOPLIST_KEY_UILaunchScreen_Generation = YES;
				INFOPLIST_KEY_UISupportedInterfaceOrientations_iPad = "UIInterfaceOrientationPortrait UIInterfaceOrientationPortraitUpsideDown UIInterfaceOrientationLandscapeLeft UIInterfaceOrientationLandscapeRight";
				INFOPLIST_KEY_UISupportedInterfaceOrientations_iPhone = "UIInterfaceOrientationPortrait UIInterfaceOrientationLandscapeLeft UIInterfaceOrientationLandscapeRight";
				LD_RUNPATH_SEARCH_PATHS = (
					"$(inherited)",
					"@executable_path/Frameworks",
				);
				MARKETING_VERSION = 1.0;
				PRODUCT_BUNDLE_IDENTIFIER = com.aakarshit.SwiftUIAsyncImage;
				PRODUCT_NAME = "$(TARGET_NAME)";
				SWIFT_EMIT_LOC_STRINGS = YES;
				SWIFT_VERSION = 5.0;
				TARGETED_DEVICE_FAMILY = "1,2";
			};
			name = Release;
		};
		8FD487812ACC8986008CE991 /* Debug */ = {
			isa = XCBuildConfiguration;
			buildSettings = {
				ALWAYS_EMBED_SWIFT_STANDARD_LIBRARIES = YES;
				BUNDLE_LOADER = "$(TEST_HOST)";
				CODE_SIGN_STYLE = Automatic;
				CURRENT_PROJECT_VERSION = 1;
				DEVELOPMENT_TEAM = G63S3UN597;
				GENERATE_INFOPLIST_FILE = YES;
				IPHONEOS_DEPLOYMENT_TARGET = 17.0;
				MARKETING_VERSION = 1.0;
				PRODUCT_BUNDLE_IDENTIFIER = com.aakarshit.SwiftUIAsyncImageTests;
				PRODUCT_NAME = "$(TARGET_NAME)";
				SWIFT_EMIT_LOC_STRINGS = NO;
				SWIFT_VERSION = 5.0;
				TARGETED_DEVICE_FAMILY = "1,2";
				TEST_HOST = "$(BUILT_PRODUCTS_DIR)/SwiftUIAsyncImage.app/$(BUNDLE_EXECUTABLE_FOLDER_PATH)/SwiftUIAsyncImage";
			};
			name = Debug;
		};
		8FD487822ACC8986008CE991 /* Release */ = {
			isa = XCBuildConfiguration;
			buildSettings = {
				ALWAYS_EMBED_SWIFT_STANDARD_LIBRARIES = YES;
				BUNDLE_LOADER = "$(TEST_HOST)";
				CODE_SIGN_STYLE = Automatic;
				CURRENT_PROJECT_VERSION = 1;
				DEVELOPMENT_TEAM = G63S3UN597;
				GENERATE_INFOPLIST_FILE = YES;
				IPHONEOS_DEPLOYMENT_TARGET = 17.0;
				MARKETING_VERSION = 1.0;
				PRODUCT_BUNDLE_IDENTIFIER = com.aakarshit.SwiftUIAsyncImageTests;
				PRODUCT_NAME = "$(TARGET_NAME)";
				SWIFT_EMIT_LOC_STRINGS = NO;
				SWIFT_VERSION = 5.0;
				TARGETED_DEVICE_FAMILY = "1,2";
				TEST_HOST = "$(BUILT_PRODUCTS_DIR)/SwiftUIAsyncImage.app/$(BUNDLE_EXECUTABLE_FOLDER_PATH)/SwiftUIAsyncImage";
			};
			name = Release;
		};
		8FD487842ACC8986008CE991 /* Debug */ = {
			isa = XCBuildConfiguration;
			buildSettings = {
				ALWAYS_EMBED_SWIFT_STANDARD_LIBRARIES = YES;
				CODE_SIGN_STYLE = Automatic;
				CURRENT_PROJECT_VERSION = 1;
				DEVELOPMENT_TEAM = G63S3UN597;
				GENERATE_INFOPLIST_FILE = YES;
				MARKETING_VERSION = 1.0;
				PRODUCT_BUNDLE_IDENTIFIER = com.aakarshit.SwiftUIAsyncImageUITests;
				PRODUCT_NAME = "$(TARGET_NAME)";
				SWIFT_EMIT_LOC_STRINGS = NO;
				SWIFT_VERSION = 5.0;
				TARGETED_DEVICE_FAMILY = "1,2";
				TEST_TARGET_NAME = SwiftUIAsyncImage;
			};
			name = Debug;
		};
		8FD487852ACC8986008CE991 /* Release */ = {
			isa = XCBuildConfiguration;
			buildSettings = {
				ALWAYS_EMBED_SWIFT_STANDARD_LIBRARIES = YES;
				CODE_SIGN_STYLE = Automatic;
				CURRENT_PROJECT_VERSION = 1;
				DEVELOPMENT_TEAM = G63S3UN597;
				GENERATE_INFOPLIST_FILE = YES;
				MARKETING_VERSION = 1.0;
				PRODUCT_BUNDLE_IDENTIFIER = com.aakarshit.SwiftUIAsyncImageUITests;
				PRODUCT_NAME = "$(TARGET_NAME)";
				SWIFT_EMIT_LOC_STRINGS = NO;
				SWIFT_VERSION = 5.0;
				TARGETED_DEVICE_FAMILY = "1,2";
				TEST_TARGET_NAME = SwiftUIAsyncImage;
			};
			name = Release;
		};
/* End XCBuildConfiguration section */

/* Begin XCConfigurationList section */
		8FD487542ACC8985008CE991 /* Build configuration list for PBXProject "SwiftUIAsyncImage" */ = {
			isa = XCConfigurationList;
			buildConfigurations = (
				8FD4877B2ACC8986008CE991 /* Debug */,
				8FD4877C2ACC8986008CE991 /* Release */,
			);
			defaultConfigurationIsVisible = 0;
			defaultConfigurationName = Release;
		};
		8FD4877D2ACC8986008CE991 /* Build configuration list for PBXNativeTarget "SwiftUIAsyncImage" */ = {
			isa = XCConfigurationList;
			buildConfigurations = (
				8FD4877E2ACC8986008CE991 /* Debug */,
				8FD4877F2ACC8986008CE991 /* Release */,
			);
			defaultConfigurationIsVisible = 0;
			defaultConfigurationName = Release;
		};
		8FD487802ACC8986008CE991 /* Build configuration list for PBXNativeTarget "SwiftUIAsyncImageTests" */ = {
			isa = XCConfigurationList;
			buildConfigurations = (
				8FD487812ACC8986008CE991 /* Debug */,
				8FD487822ACC8986008CE991 /* Release */,
			);
			defaultConfigurationIsVisible = 0;
			defaultConfigurationName = Release;
		};
		8FD487832ACC8986008CE991 /* Build configuration list for PBXNativeTarget "SwiftUIAsyncImageUITests" */ = {
			isa = XCConfigurationList;
			buildConfigurations = (
				8FD487842ACC8986008CE991 /* Debug */,
				8FD487852ACC8986008CE991 /* Release */,
			);
			defaultConfigurationIsVisible = 0;
			defaultConfigurationName = Release;
		};
/* End XCConfigurationList section */
	};
	rootObject = 8FD487512ACC8985008CE991 /* Project object */;
}
